
Microsoft Visual Studio Solution File, Format Version 12.00
# Visual Studio Version 17
VisualStudioVersion = 17.1.32328.378
MinimumVisualStudioVersion = 10.0.40219.1
Project("{9A19103F-16F7-4668-BE54-9A1E7A4F7556}") = "CompanyProject.API", "CompanyProject.API\CompanyProject.API.csproj", "{53035FC8-F6A2-45A8-8032-17AD39C47ABD}"
EndProject
Project("{9A19103F-16F7-4668-BE54-9A1E7A4F7556}") = "CompanyProject.Domain", "CompanyProject.Domain\CompanyProject.Domain.csproj", "{8122C755-23FE-4522-AA68-574FAF65CD31}"
EndProject
Project("{9A19103F-16F7-4668-BE54-9A1E7A4F7556}") = "CompanyProject.Repository", "CompanyProject.Repository\CompanyProject.Repository.csproj", "{52AB36E8-8BF3-48F8-A78E-082E1F990E21}"
EndProject
Project("{9A19103F-16F7-4668-BE54-9A1E7A4F7556}") = "CompanyProject.ViewModels", "CompanyProject.ViewModels\CompanyProject.ViewModels.csproj", "{2355A171-7152-4A0A-9619-E7F51A285874}"
EndProject
Project("{9A19103F-16F7-4668-BE54-9A1E7A4F7556}") = "CompanyProjectContentService", "CompanyProjectContent\CompanyProjectContentService.csproj", "{52566BE1-221F-46B4-940B-CB19C6B74646}"
EndProject
Project("{9A19103F-16F7-4668-BE54-9A1E7A4F7556}") = "CompanyProjectCardsService", "CompanyProjectCardsService\CompanyProjectCardsService.csproj", "{A088FCA6-C4D1-4E05-B050-79B42D9D8284}"
EndProject
Project("{9A19103F-16F7-4668-BE54-9A1E7A4F7556}") = "OcelotApiGateway", "OcelotApiGateway\OcelotApiGateway.csproj", "{C60E2D57-C1F8-4917-8FB7-875DAAFCEBD6}"
EndProject
Project("{9A19103F-16F7-4668-BE54-9A1E7A4F7556}") = "CompanyProjectPriceListService", "CompanyProjectPriceListService\CompanyProjectPriceListService\CompanyProjectPriceListService.csproj", "{E2A918AA-11A1-43E1-BDD9-A09B4653BE80}"
EndProject
Project("{E53339B2-1760-4266-BCC7-CA923CBCF16C}") = "docker-compose", "docker-compose.dcproj", "{AB3A351D-B50E-4E1B-85FA-470CDA71C6DA}"
EndProject
Project("{FAE04EC0-301F-11D3-BF4B-00C04F79EFBC}") = "CompanyProjectMessage", "CompanyProjectMessage\CompanyProjectMessage.csproj", "{EC17E265-5A6A-4256-A9F5-4BC6EE94DBB6}"
EndProject
Global
	GlobalSection(SolutionConfigurationPlatforms) = preSolution
		Debug|Any CPU = Debug|Any CPU
		Release|Any CPU = Release|Any CPU
	EndGlobalSection
	GlobalSection(ProjectConfigurationPlatforms) = postSolution
		{53035FC8-F6A2-45A8-8032-17AD39C47ABD}.Debug|Any CPU.ActiveCfg = Debug|Any CPU
		{53035FC8-F6A2-45A8-8032-17AD39C47ABD}.Debug|Any CPU.Build.0 = Debug|Any CPU
		{53035FC8-F6A2-45A8-8032-17AD39C47ABD}.Release|Any CPU.ActiveCfg = Release|Any CPU
		{53035FC8-F6A2-45A8-8032-17AD39C47ABD}.Release|Any CPU.Build.0 = Release|Any CPU
		{8122C755-23FE-4522-AA68-574FAF65CD31}.Debug|Any CPU.ActiveCfg = Debug|Any CPU
		{8122C755-23FE-4522-AA68-574FAF65CD31}.Debug|Any CPU.Build.0 = Debug|Any CPU
		{8122C755-23FE-4522-AA68-574FAF65CD31}.Release|Any CPU.ActiveCfg = Release|Any CPU
		{8122C755-23FE-4522-AA68-574FAF65CD31}.Release|Any CPU.Build.0 = Release|Any CPU
		{52AB36E8-8BF3-48F8-A78E-082E1F990E21}.Debug|Any CPU.ActiveCfg = Debug|Any CPU
		{52AB36E8-8BF3-48F8-A78E-082E1F990E21}.Debug|Any CPU.Build.0 = Debug|Any CPU
		{52AB36E8-8BF3-48F8-A78E-082E1F990E21}.Release|Any CPU.ActiveCfg = Release|Any CPU
		{52AB36E8-8BF3-48F8-A78E-082E1F990E21}.Release|Any CPU.Build.0 = Release|Any CPU
		{2355A171-7152-4A0A-9619-E7F51A285874}.Debug|Any CPU.ActiveCfg = Debug|Any CPU
		{2355A171-7152-4A0A-9619-E7F51A285874}.Debug|Any CPU.Build.0 = Debug|Any CPU
		{2355A171-7152-4A0A-9619-E7F51A285874}.Release|Any CPU.ActiveCfg = Release|Any CPU
		{2355A171-7152-4A0A-9619-E7F51A285874}.Release|Any CPU.Build.0 = Release|Any CPU
		{52566BE1-221F-46B4-940B-CB19C6B74646}.Debug|Any CPU.ActiveCfg = Debug|Any CPU
		{52566BE1-221F-46B4-940B-CB19C6B74646}.Debug|Any CPU.Build.0 = Debug|Any CPU
		{52566BE1-221F-46B4-940B-CB19C6B74646}.Release|Any CPU.ActiveCfg = Release|Any CPU
		{52566BE1-221F-46B4-940B-CB19C6B74646}.Release|Any CPU.Build.0 = Release|Any CPU
		{A088FCA6-C4D1-4E05-B050-79B42D9D8284}.Debug|Any CPU.ActiveCfg = Debug|Any CPU
		{A088FCA6-C4D1-4E05-B050-79B42D9D8284}.Debug|Any CPU.Build.0 = Debug|Any CPU
		{A088FCA6-C4D1-4E05-B050-79B42D9D8284}.Release|Any CPU.ActiveCfg = Release|Any CPU
		{A088FCA6-C4D1-4E05-B050-79B42D9D8284}.Release|Any CPU.Build.0 = Release|Any CPU
		{C60E2D57-C1F8-4917-8FB7-875DAAFCEBD6}.Debug|Any CPU.ActiveCfg = Debug|Any CPU
		{C60E2D57-C1F8-4917-8FB7-875DAAFCEBD6}.Debug|Any CPU.Build.0 = Debug|Any CPU
		{C60E2D57-C1F8-4917-8FB7-875DAAFCEBD6}.Release|Any CPU.ActiveCfg = Release|Any CPU
		{C60E2D57-C1F8-4917-8FB7-875DAAFCEBD6}.Release|Any CPU.Build.0 = Release|Any CPU
		{E2A918AA-11A1-43E1-BDD9-A09B4653BE80}.Debug|Any CPU.ActiveCfg = Debug|Any CPU
		{E2A918AA-11A1-43E1-BDD9-A09B4653BE80}.Debug|Any CPU.Build.0 = Debug|Any CPU
		{E2A918AA-11A1-43E1-BDD9-A09B4653BE80}.Release|Any CPU.ActiveCfg = Release|Any CPU
		{E2A918AA-11A1-43E1-BDD9-A09B4653BE80}.Release|Any CPU.Build.0 = Release|Any CPU
		{AB3A351D-B50E-4E1B-85FA-470CDA71C6DA}.Debug|Any CPU.ActiveCfg = Debug|Any CPU
		{AB3A351D-B50E-4E1B-85FA-470CDA71C6DA}.Debug|Any CPU.Build.0 = Debug|Any CPU
		{AB3A351D-B50E-4E1B-85FA-470CDA71C6DA}.Release|Any CPU.ActiveCfg = Release|Any CPU
		{AB3A351D-B50E-4E1B-85FA-470CDA71C6DA}.Release|Any CPU.Build.0 = Release|Any CPU
		{EC17E265-5A6A-4256-A9F5-4BC6EE94DBB6}.Debug|Any CPU.ActiveCfg = Debug|Any CPU
		{EC17E265-5A6A-4256-A9F5-4BC6EE94DBB6}.Debug|Any CPU.Build.0 = Debug|Any CPU
		{EC17E265-5A6A-4256-A9F5-4BC6EE94DBB6}.Release|Any CPU.ActiveCfg = Release|Any CPU
		{EC17E265-5A6A-4256-A9F5-4BC6EE94DBB6}.Release|Any CPU.Build.0 = Release|Any CPU
	EndGlobalSection
	GlobalSection(SolutionProperties) = preSolution
		HideSolutionNode = FALSE
	EndGlobalSection
	GlobalSection(ExtensibilityGlobals) = postSolution
		SolutionGuid = {24BE430D-CD50-43C2-8A41-92AAACB1E4D4}
	EndGlobalSection
EndGlobal
